
Microsoft Visual Studio Solution File, Format Version 12.00
# Visual Studio 15
VisualStudioVersion = 15.0.28010.2003
MinimumVisualStudioVersion = 10.0.40219.1
Project("{9A19103F-16F7-4668-BE54-9A1E7A4F7556}") = "EnterpriseApp.Data", "EnterpriseApp.Data\EnterpriseApp.Data.csproj", "{1FFDC9E3-5FB5-415A-927B-18D73B60A344}"
EndProject
Project("{9A19103F-16F7-4668-BE54-9A1E7A4F7556}") = "EnterpriseApp.Net", "EnterpriseApp.Net\EnterpriseApp.Net.csproj", "{A6B99D9E-B4D5-4677-A802-B0B09294C8B3}"
EndProject
Project("{9A19103F-16F7-4668-BE54-9A1E7A4F7556}") = "EnterpriseApp", "EnterpriseApp\EnterpriseApp.csproj", "{DB6FE66A-11DE-4BD6-8B9E-703D41757FE8}"
EndProject
Project("{FAE04EC0-301F-11D3-BF4B-00C04F79EFBC}") = "EnterpriseApp.Android", "EnterpriseApp.Android\EnterpriseApp.Android.csproj", "{350E2106-72C3-4F66-A4F2-62B10377F1BA}"
EndProject
Global
	GlobalSection(SolutionConfigurationPlatforms) = preSolution
		Debug|Any CPU = Debug|Any CPU
		Release|Any CPU = Release|Any CPU
	EndGlobalSection
	GlobalSection(ProjectConfigurationPlatforms) = postSolution
		{1FFDC9E3-5FB5-415A-927B-18D73B60A344}.Debug|Any CPU.ActiveCfg = Debug|Any CPU
		{1FFDC9E3-5FB5-415A-927B-18D73B60A344}.Debug|Any CPU.Build.0 = Debug|Any CPU
		{1FFDC9E3-5FB5-415A-927B-18D73B60A344}.Release|Any CPU.ActiveCfg = Release|Any CPU
		{1FFDC9E3-5FB5-415A-927B-18D73B60A344}.Release|Any CPU.Build.0 = Release|Any CPU
		{A6B99D9E-B4D5-4677-A802-B0B09294C8B3}.Debug|Any CPU.ActiveCfg = Debug|Any CPU
		{A6B99D9E-B4D5-4677-A802-B0B09294C8B3}.Debug|Any CPU.Build.0 = Debug|Any CPU
		{A6B99D9E-B4D5-4677-A802-B0B09294C8B3}.Release|Any CPU.ActiveCfg = Release|Any CPU
		{A6B99D9E-B4D5-4677-A802-B0B09294C8B3}.Release|Any CPU.Build.0 = Release|Any CPU
		{DB6FE66A-11DE-4BD6-8B9E-703D41757FE8}.Debug|Any CPU.ActiveCfg = Debug|Any CPU
		{DB6FE66A-11DE-4BD6-8B9E-703D41757FE8}.Debug|Any CPU.Build.0 = Debug|Any CPU
		{DB6FE66A-11DE-4BD6-8B9E-703D41757FE8}.Release|Any CPU.ActiveCfg = Release|Any CPU
		{DB6FE66A-11DE-4BD6-8B9E-703D41757FE8}.Release|Any CPU.Build.0 = Release|Any CPU
		{350E2106-72C3-4F66-A4F2-62B10377F1BA}.Debug|Any CPU.ActiveCfg = Debug|Any CPU
		{350E2106-72C3-4F66-A4F2-62B10377F1BA}.Debug|Any CPU.Build.0 = Debug|Any CPU
		{350E2106-72C3-4F66-A4F2-62B10377F1BA}.Debug|Any CPU.Deploy.0 = Debug|Any CPU
		{350E2106-72C3-4F66-A4F2-62B10377F1BA}.Release|Any CPU.ActiveCfg = Release|Any CPU
		{350E2106-72C3-4F66-A4F2-62B10377F1BA}.Release|Any CPU.Build.0 = Release|Any CPU
		{350E2106-72C3-4F66-A4F2-62B10377F1BA}.Release|Any CPU.Deploy.0 = Release|Any CPU
	EndGlobalSection
	GlobalSection(SolutionProperties) = preSolution
		HideSolutionNode = FALSE
	EndGlobalSection
	GlobalSection(ExtensibilityGlobals) = postSolution
		SolutionGuid = {BBC2BB38-9728-4D2F-88F7-4EC8CB0F716E}
	EndGlobalSection
EndGlobal
